Microsoft Visual Studio Solution File, Format Version 12.00
# Visual Studio Version 16
VisualStudioVersion = 16.0.30804.86
MinimumVisualStudioVersion = 15.0.26124.0
Project("{9A19103F-16F7-4668-BE54-9A1E7A4F7556}") = "CoreApp.Setup", "CoreApp.Setup\CoreApp.Setup.csproj", "{69044E93-D4DC-4C54-8FE9-7FC3EEF243EA}"
EndProject
Project("{9A19103F-16F7-4668-BE54-9A1E7A4F7556}") = "CoreApp.Data", "CoreApp.Data\CoreApp.Data.csproj", "{F1516CE4-FDF8-4364-BDD0-BBE0E834669C}"
EndProject
Project("{9A19103F-16F7-4668-BE54-9A1E7A4F7556}") = "CoreApp.Web", "CoreApp.Web\CoreApp.Web.csproj", "{94CD7DD3-8256-45A2-B723-62AA805545BE}"
EndProject
Global
	GlobalSection(SolutionConfigurationPlatforms) = preSolution
		Debug|Any CPU = Debug|Any CPU
		Debug|x64 = Debug|x64
		Debug|x86 = Debug|x86
		Release|Any CPU = Release|Any CPU
		Release|x64 = Release|x64
		Release|x86 = Release|x86
	EndGlobalSection
	GlobalSection(ProjectConfigurationPlatforms) = postSolution
		{69044E93-D4DC-4C54-8FE9-7FC3EEF243EA}.Debug|Any CPU.ActiveCfg = Debug|Any CPU
		{69044E93-D4DC-4C54-8FE9-7FC3EEF243EA}.Debug|Any CPU.Build.0 = Debug|Any CPU
		{69044E93-D4DC-4C54-8FE9-7FC3EEF243EA}.Debug|x64.ActiveCfg = Debug|Any CPU
		{69044E93-D4DC-4C54-8FE9-7FC3EEF243EA}.Debug|x64.Build.0 = Debug|Any CPU
		{69044E93-D4DC-4C54-8FE9-7FC3EEF243EA}.Debug|x86.ActiveCfg = Debug|Any CPU
		{69044E93-D4DC-4C54-8FE9-7FC3EEF243EA}.Debug|x86.Build.0 = Debug|Any CPU
		{69044E93-D4DC-4C54-8FE9-7FC3EEF243EA}.Release|Any CPU.ActiveCfg = Release|Any CPU
		{69044E93-D4DC-4C54-8FE9-7FC3EEF243EA}.Release|Any CPU.Build.0 = Release|Any CPU
		{69044E93-D4DC-4C54-8FE9-7FC3EEF243EA}.Release|x64.ActiveCfg = Release|Any CPU
		{69044E93-D4DC-4C54-8FE9-7FC3EEF243EA}.Release|x64.Build.0 = Release|Any CPU
		{69044E93-D4DC-4C54-8FE9-7FC3EEF243EA}.Release|x86.ActiveCfg = Release|Any CPU
		{69044E93-D4DC-4C54-8FE9-7FC3EEF243EA}.Release|x86.Build.0 = Release|Any CPU
		{F1516CE4-FDF8-4364-BDD0-BBE0E834669C}.Debug|Any CPU.ActiveCfg = Debug|Any CPU
		{F1516CE4-FDF8-4364-BDD0-BBE0E834669C}.Debug|Any CPU.Build.0 = Debug|Any CPU
		{F1516CE4-FDF8-4364-BDD0-BBE0E834669C}.Debug|x64.ActiveCfg = Debug|Any CPU
		{F1516CE4-FDF8-4364-BDD0-BBE0E834669C}.Debug|x64.Build.0 = Debug|Any CPU
		{F1516CE4-FDF8-4364-BDD0-BBE0E834669C}.Debug|x86.ActiveCfg = Debug|Any CPU
		{F1516CE4-FDF8-4364-BDD0-BBE0E834669C}.Debug|x86.Build.0 = Debug|Any CPU
		{F1516CE4-FDF8-4364-BDD0-BBE0E834669C}.Release|Any CPU.ActiveCfg = Release|Any CPU
		{F1516CE4-FDF8-4364-BDD0-BBE0E834669C}.Release|Any CPU.Build.0 = Release|Any CPU
		{F1516CE4-FDF8-4364-BDD0-BBE0E834669C}.Release|x64.ActiveCfg = Release|Any CPU
		{F1516CE4-FDF8-4364-BDD0-BBE0E834669C}.Release|x64.Build.0 = Release|Any CPU
		{F1516CE4-FDF8-4364-BDD0-BBE0E834669C}.Release|x86.ActiveCfg = Release|Any CPU
		{F1516CE4-FDF8-4364-BDD0-BBE0E834669C}.Release|x86.Build.0 = Release|Any CPU
		{94CD7DD3-8256-45A2-B723-62AA805545BE}.Debug|Any CPU.ActiveCfg = Debug|Any CPU
		{94CD7DD3-8256-45A2-B723-62AA805545BE}.Debug|Any CPU.Build.0 = Debug|Any CPU
		{94CD7DD3-8256-45A2-B723-62AA805545BE}.Debug|x64.ActiveCfg = Debug|Any CPU
		{94CD7DD3-8256-45A2-B723-62AA805545BE}.Debug|x64.Build.0 = Debug|Any CPU
		{94CD7DD3-8256-45A2-B723-62AA805545BE}.Debug|x86.ActiveCfg = Debug|Any CPU
		{94CD7DD3-8256-45A2-B723-62AA805545BE}.Debug|x86.Build.0 = Debug|Any CPU
		{94CD7DD3-8256-45A2-B723-62AA805545BE}.Release|Any CPU.ActiveCfg = Release|Any CPU
		{94CD7DD3-8256-45A2-B723-62AA805545BE}.Release|Any CPU.Build.0 = Release|Any CPU
		{94CD7DD3-8256-45A2-B723-62AA805545BE}.Release|x64.ActiveCfg = Release|Any CPU
		{94CD7DD3-8256-45A2-B723-62AA805545BE}.Release|x64.Build.0 = Release|Any CPU
		{94CD7DD3-8256-45A2-B723-62AA805545BE}.Release|x86.ActiveCfg = Release|Any CPU
		{94CD7DD3-8256-45A2-B723-62AA805545BE}.Release|x86.Build.0 = Release|Any CPU
	EndGlobalSection
	GlobalSection(SolutionProperties) = preSolution
		HideSolutionNode = FALSE
	EndGlobalSection
	GlobalSection(ExtensibilityGlobals) = postSolution
		SolutionGuid = {967AC614-D526-4F1D-A481-50B78FE61E03}
	EndGlobalSection
EndGlobal
